
Microsoft Visual Studio Solution File, Format Version 12.00
# Visual Studio Version 17
VisualStudioVersion = 17.8.34309.116
MinimumVisualStudioVersion = 10.0.40219.1
Project("{FAE04EC0-301F-11D3-BF4B-00C04F79EFBC}") = "GetRandomWords", "GetRandomWords.csproj", "{8129ABBC-1C64-4285-8EC9-5A70B610123D}"
EndProject
Global
	GlobalSection(SolutionConfigurationPlatforms) = preSolution
		Debug|Any CPU = Debug|Any CPU
		Release|Any CPU = Release|Any CPU
	EndGlobalSection
	GlobalSection(ProjectConfigurationPlatforms) = postSolution
		{8129ABBC-1C64-4285-8EC9-5A70B610123D}.Debug|Any CPU.ActiveCfg = Debug|Any CPU
		{8129ABBC-1C64-4285-8EC9-5A70B610123D}.Debug|Any CPU.Build.0 = Debug|Any CPU
		{8129ABBC-1C64-4285-8EC9-5A70B610123D}.Release|Any CPU.ActiveCfg = Release|Any CPU
		{8129ABBC-1C64-4285-8EC9-5A70B610123D}.Release|Any CPU.Build.0 = Release|Any CPU
	EndGlobalSection
	GlobalSection(SolutionProperties) = preSolution
		HideSolutionNode = FALSE
	EndGlobalSection
	GlobalSection(ExtensibilityGlobals) = postSolution
		SolutionGuid = {4DE459FC-CD94-461D-8F11-F359C58AC793}
	EndGlobalSection
EndGlobal
